229c3317be01eea203024b63f5a3b6752ca2a16ff3a8ce1a3d2d9b2856eb87c2  lib/patra.cyr
7321bb4083078e849ffb45c2000ce72f5e26410493fe78f4b821474a474af1d1  lib/libro.cyr
c495cb755565754f1b916466336eb577b99b1d12e02d3460a911c812418e4fd5  lib/sakshi.cyr
191b298dbdb2bbf825adf67eb6ef90b0a4d52df185adc4d11e144b27c0c9579f  lib/sigil.cyr
eb7208509da48ec08674fa812df205ba2ec12f3a4ef54b3a6c3ec4ba295d1139  lib/agnosys.cyr
